
Microsoft Visual Studio Solution File, Format Version 12.00
# Visual Studio Version 17
VisualStudioVersion = 17.7.34202.233
MinimumVisualStudioVersion = 10.0.40219.1
Project("{9A19103F-16F7-4668-BE54-9A1E7A4F7556}") = "Infinity.Core", "Infinity.Core\Infinity.Core.csproj", "{783CB925-BD85-4465-9EC2-D60E6486F207}"
EndProject
Project("{2150E333-8FDC-42A3-9474-1A3956D46DE8}") = "Solution Items", "Solution Items", "{ABBA57D5-87E0-43F4-A167-9A6524AD395C}"
	ProjectSection(SolutionItems) = preProject
		.editorconfig = .editorconfig
	EndProjectSection
EndProject
Project("{9A19103F-16F7-4668-BE54-9A1E7A4F7556}") = "Infinity.Udp", "Infinity.Udp\Infinity.Udp.csproj", "{C71F3D4D-012C-4194-8076-26039BFFAB5D}"
EndProject
Project("{9A19103F-16F7-4668-BE54-9A1E7A4F7556}") = "Infinity.Tcp", "Infinity.Tcp\Infinity.Tcp.csproj", "{2AD17D36-0D20-4FE8-A9C3-38E3D5A0B647}"
EndProject
Project("{2150E333-8FDC-42A3-9474-1A3956D46DE8}") = "Infinity.Tests", "Infinity.Tests", "{07300268-B919-4187-80B7-EAC9CA65EE11}"
EndProject
Project("{9A19103F-16F7-4668-BE54-9A1E7A4F7556}") = "test", "test\test.csproj", "{DCD171F3-4487-4003-8A9C-6F596E009DE8}"
EndProject
Project("{9A19103F-16F7-4668-BE54-9A1E7A4F7556}") = "Infinity.Tests", "Infinity.Tests\Infinity.Tests.csproj", "{DE7ACF5C-0BE3-40DC-B355-6CBF4CE50C79}"
EndProject
Global
	GlobalSection(SolutionConfigurationPlatforms) = preSolution
		Debug|Any CPU = Debug|Any CPU
		Release|Any CPU = Release|Any CPU
	EndGlobalSection
	GlobalSection(ProjectConfigurationPlatforms) = postSolution
		{783CB925-BD85-4465-9EC2-D60E6486F207}.Debug|Any CPU.ActiveCfg = Debug|Any CPU
		{783CB925-BD85-4465-9EC2-D60E6486F207}.Debug|Any CPU.Build.0 = Debug|Any CPU
		{783CB925-BD85-4465-9EC2-D60E6486F207}.Release|Any CPU.ActiveCfg = Release|Any CPU
		{783CB925-BD85-4465-9EC2-D60E6486F207}.Release|Any CPU.Build.0 = Release|Any CPU
		{C71F3D4D-012C-4194-8076-26039BFFAB5D}.Debug|Any CPU.ActiveCfg = Debug|Any CPU
		{C71F3D4D-012C-4194-8076-26039BFFAB5D}.Debug|Any CPU.Build.0 = Debug|Any CPU
		{C71F3D4D-012C-4194-8076-26039BFFAB5D}.Release|Any CPU.ActiveCfg = Release|Any CPU
		{C71F3D4D-012C-4194-8076-26039BFFAB5D}.Release|Any CPU.Build.0 = Release|Any CPU
		{2AD17D36-0D20-4FE8-A9C3-38E3D5A0B647}.Debug|Any CPU.ActiveCfg = Debug|Any CPU
		{2AD17D36-0D20-4FE8-A9C3-38E3D5A0B647}.Debug|Any CPU.Build.0 = Debug|Any CPU
		{2AD17D36-0D20-4FE8-A9C3-38E3D5A0B647}.Release|Any CPU.ActiveCfg = Release|Any CPU
		{2AD17D36-0D20-4FE8-A9C3-38E3D5A0B647}.Release|Any CPU.Build.0 = Release|Any CPU
		{DCD171F3-4487-4003-8A9C-6F596E009DE8}.Debug|Any CPU.ActiveCfg = Debug|Any CPU
		{DCD171F3-4487-4003-8A9C-6F596E009DE8}.Debug|Any CPU.Build.0 = Debug|Any CPU
		{DCD171F3-4487-4003-8A9C-6F596E009DE8}.Release|Any CPU.ActiveCfg = Release|Any CPU
		{DCD171F3-4487-4003-8A9C-6F596E009DE8}.Release|Any CPU.Build.0 = Release|Any CPU
		{DE7ACF5C-0BE3-40DC-B355-6CBF4CE50C79}.Debug|Any CPU.ActiveCfg = Debug|Any CPU
		{DE7ACF5C-0BE3-40DC-B355-6CBF4CE50C79}.Debug|Any CPU.Build.0 = Debug|Any CPU
		{DE7ACF5C-0BE3-40DC-B355-6CBF4CE50C79}.Release|Any CPU.ActiveCfg = Release|Any CPU
		{DE7ACF5C-0BE3-40DC-B355-6CBF4CE50C79}.Release|Any CPU.Build.0 = Release|Any CPU
	EndGlobalSection
	GlobalSection(SolutionProperties) = preSolution
		HideSolutionNode = FALSE
	EndGlobalSection
	GlobalSection(NestedProjects) = preSolution
		{DE7ACF5C-0BE3-40DC-B355-6CBF4CE50C79} = {07300268-B919-4187-80B7-EAC9CA65EE11}
	EndGlobalSection
	GlobalSection(ExtensibilityGlobals) = postSolution
		SolutionGuid = {8AC8C0A6-FB6B-4E63-9042-EDF10C6A51B8}
	EndGlobalSection
EndGlobal
