
Microsoft Visual Studio Solution File, Format Version 12.00
# Visual Studio Version 17
VisualStudioVersion = 17.7.34202.233
MinimumVisualStudioVersion = 10.0.40219.1
Project("{9A19103F-16F7-4668-BE54-9A1E7A4F7556}") = "Infinity.Core", "Infinity.Core\Infinity.Core.csproj", "{783CB925-BD85-4465-9EC2-D60E6486F207}"
EndProject
Project("{2150E333-8FDC-42A3-9474-1A3956D46DE8}") = "Solution Items", "Solution Items", "{ABBA57D5-87E0-43F4-A167-9A6524AD395C}"
	ProjectSection(SolutionItems) = preProject
		.editorconfig = .editorconfig
	EndProjectSection
EndProject
Project("{9A19103F-16F7-4668-BE54-9A1E7A4F7556}") = "Infinity.Udp", "Infinity.Udp\Infinity.Udp.csproj", "{C71F3D4D-012C-4194-8076-26039BFFAB5D}"
EndProject
Project("{2150E333-8FDC-42A3-9474-1A3956D46DE8}") = "Infinity.Tests", "Infinity.Tests", "{07300268-B919-4187-80B7-EAC9CA65EE11}"
EndProject
Project("{9A19103F-16F7-4668-BE54-9A1E7A4F7556}") = "Infinity.Tests.Core", "Infinity.Tests\Infinity.Tests.Core\Infinity.Tests.Core.csproj", "{F646F6BA-F4C9-46D5-B0C9-BD0F9A732ED0}"
EndProject
Project("{9A19103F-16F7-4668-BE54-9A1E7A4F7556}") = "Infinity.SNTP", "Infinity.SNTP\Infinity.SNTP.csproj", "{BDE9C845-0472-4FEB-A95D-C6E445611BEE}"
EndProject
Project("{9A19103F-16F7-4668-BE54-9A1E7A4F7556}") = "Infinity.Performance.Tests", "Infinity.Tests\Infinity.Performance.Tests\Infinity.Performance.Tests.csproj", "{511FC720-90B7-4213-97F7-5C0D80E34653}"
EndProject
Project("{9A19103F-16F7-4668-BE54-9A1E7A4F7556}") = "Infinity.SNTP.Tests", "Infinity.Tests\Infinity.SNTP.Tests\Infinity.SNTP.Tests.csproj", "{EF0F8060-971C-4541-A0DF-B292279172AA}"
EndProject
Project("{9A19103F-16F7-4668-BE54-9A1E7A4F7556}") = "Infinity.Udp.Tests", "Infinity.Tests\Infinity.Udp.Tests\Infinity.Udp.Tests.csproj", "{5CE59590-88CA-44E4-8DFC-A930BDD4C709}"
EndProject
Project("{9A19103F-16F7-4668-BE54-9A1E7A4F7556}") = "Infinity.Core.Tests", "Infinity.Tests\Infinity.Core.Tests\Infinity.Core.Tests.csproj", "{17392A07-69D5-460A-AFD4-6BF05163E2E9}"
EndProject
Project("{9A19103F-16F7-4668-BE54-9A1E7A4F7556}") = "Infinifty.Udp.TestListener", "Infinity.Tests\Infinifty.Udp.TestListener\Infinifty.Udp.TestListener.csproj", "{21995F5D-E476-4366-8211-2B28BA342F6B}"
EndProject
Project("{9A19103F-16F7-4668-BE54-9A1E7A4F7556}") = "Infinity.WebSockets", "Infinity.WebSockets\Infinity.WebSockets.csproj", "{66D52AF9-201B-49F3-802F-6D0F918EDB4A}"
EndProject
Project("{9A19103F-16F7-4668-BE54-9A1E7A4F7556}") = "Infinity.Websockets.Tests", "Infinity.Tests\Infinity.Websockets.Tests\Infinity.Websockets.Tests.csproj", "{5D2DABE8-395A-4B33-B75F-087AE6669462}"
EndProject
Project("{FAE04EC0-301F-11D3-BF4B-00C04F79EFBC}") = "Infinity.Multiplexer", "Infinity.Multiplexer\Infinity.Multiplexer.csproj", "{92C7D269-F4B9-4C8B-A769-AF65E6F4DD06}"
EndProject
Project("{FAE04EC0-301F-11D3-BF4B-00C04F79EFBC}") = "Infinity.Multiplexer.Tests", "Infinity.Tests\Infinity.Multiplexer.Tests\Infinity.Multiplexer.Tests.csproj", "{8E6F68AB-6AD5-43E5-9894-3CA1B4B86D5F}"
EndProject
Global
	GlobalSection(SolutionConfigurationPlatforms) = preSolution
		Debug|x64 = Debug|x64
		Debug|x86 = Debug|x86
		Debug|Any CPU = Debug|Any CPU
		Release|x64 = Release|x64
		Release|x86 = Release|x86
		Release|Any CPU = Release|Any CPU
	EndGlobalSection
	GlobalSection(ProjectConfigurationPlatforms) = postSolution
		{783CB925-BD85-4465-9EC2-D60E6486F207}.Debug|x64.ActiveCfg = Debug|x64
		{783CB925-BD85-4465-9EC2-D60E6486F207}.Debug|x64.Build.0 = Debug|x64
		{783CB925-BD85-4465-9EC2-D60E6486F207}.Debug|x86.ActiveCfg = Debug|x86
		{783CB925-BD85-4465-9EC2-D60E6486F207}.Debug|x86.Build.0 = Debug|x86
		{783CB925-BD85-4465-9EC2-D60E6486F207}.Debug|Any CPU.ActiveCfg = Debug|Any CPU
		{783CB925-BD85-4465-9EC2-D60E6486F207}.Debug|Any CPU.Build.0 = Debug|Any CPU
		{783CB925-BD85-4465-9EC2-D60E6486F207}.Release|x64.ActiveCfg = Release|x64
		{783CB925-BD85-4465-9EC2-D60E6486F207}.Release|x64.Build.0 = Release|x64
		{783CB925-BD85-4465-9EC2-D60E6486F207}.Release|x86.ActiveCfg = Release|x86
		{783CB925-BD85-4465-9EC2-D60E6486F207}.Release|x86.Build.0 = Release|x86
		{783CB925-BD85-4465-9EC2-D60E6486F207}.Release|Any CPU.ActiveCfg = Release|Any CPU
		{783CB925-BD85-4465-9EC2-D60E6486F207}.Release|Any CPU.Build.0 = Release|Any CPU
		{C71F3D4D-012C-4194-8076-26039BFFAB5D}.Debug|x64.ActiveCfg = Debug|x64
		{C71F3D4D-012C-4194-8076-26039BFFAB5D}.Debug|x64.Build.0 = Debug|x64
		{C71F3D4D-012C-4194-8076-26039BFFAB5D}.Debug|x86.ActiveCfg = Debug|x86
		{C71F3D4D-012C-4194-8076-26039BFFAB5D}.Debug|x86.Build.0 = Debug|x86
		{C71F3D4D-012C-4194-8076-26039BFFAB5D}.Debug|Any CPU.ActiveCfg = Debug|Any CPU
		{C71F3D4D-012C-4194-8076-26039BFFAB5D}.Debug|Any CPU.Build.0 = Debug|Any CPU
		{C71F3D4D-012C-4194-8076-26039BFFAB5D}.Release|x64.ActiveCfg = Release|x64
		{C71F3D4D-012C-4194-8076-26039BFFAB5D}.Release|x64.Build.0 = Release|x64
		{C71F3D4D-012C-4194-8076-26039BFFAB5D}.Release|x86.ActiveCfg = Release|x86
		{C71F3D4D-012C-4194-8076-26039BFFAB5D}.Release|x86.Build.0 = Release|x86
		{C71F3D4D-012C-4194-8076-26039BFFAB5D}.Release|Any CPU.ActiveCfg = Release|Any CPU
		{C71F3D4D-012C-4194-8076-26039BFFAB5D}.Release|Any CPU.Build.0 = Release|Any CPU
		{F646F6BA-F4C9-46D5-B0C9-BD0F9A732ED0}.Debug|x64.ActiveCfg = Debug|x64
		{F646F6BA-F4C9-46D5-B0C9-BD0F9A732ED0}.Debug|x64.Build.0 = Debug|x64
		{F646F6BA-F4C9-46D5-B0C9-BD0F9A732ED0}.Debug|x86.ActiveCfg = Debug|x86
		{F646F6BA-F4C9-46D5-B0C9-BD0F9A732ED0}.Debug|x86.Build.0 = Debug|x86
		{F646F6BA-F4C9-46D5-B0C9-BD0F9A732ED0}.Debug|Any CPU.ActiveCfg = Debug|Any CPU
		{F646F6BA-F4C9-46D5-B0C9-BD0F9A732ED0}.Debug|Any CPU.Build.0 = Debug|Any CPU
		{F646F6BA-F4C9-46D5-B0C9-BD0F9A732ED0}.Release|x64.ActiveCfg = Release|x64
		{F646F6BA-F4C9-46D5-B0C9-BD0F9A732ED0}.Release|x64.Build.0 = Release|x64
		{F646F6BA-F4C9-46D5-B0C9-BD0F9A732ED0}.Release|x86.ActiveCfg = Release|x86
		{F646F6BA-F4C9-46D5-B0C9-BD0F9A732ED0}.Release|x86.Build.0 = Release|x86
		{F646F6BA-F4C9-46D5-B0C9-BD0F9A732ED0}.Release|Any CPU.ActiveCfg = Release|Any CPU
		{F646F6BA-F4C9-46D5-B0C9-BD0F9A732ED0}.Release|Any CPU.Build.0 = Release|Any CPU
		{BDE9C845-0472-4FEB-A95D-C6E445611BEE}.Debug|x64.ActiveCfg = Debug|x64
		{BDE9C845-0472-4FEB-A95D-C6E445611BEE}.Debug|x64.Build.0 = Debug|x64
		{BDE9C845-0472-4FEB-A95D-C6E445611BEE}.Debug|x86.ActiveCfg = Debug|x86
		{BDE9C845-0472-4FEB-A95D-C6E445611BEE}.Debug|x86.Build.0 = Debug|x86
		{BDE9C845-0472-4FEB-A95D-C6E445611BEE}.Debug|Any CPU.ActiveCfg = Debug|Any CPU
		{BDE9C845-0472-4FEB-A95D-C6E445611BEE}.Debug|Any CPU.Build.0 = Debug|Any CPU
		{BDE9C845-0472-4FEB-A95D-C6E445611BEE}.Release|x64.ActiveCfg = Release|x64
		{BDE9C845-0472-4FEB-A95D-C6E445611BEE}.Release|x64.Build.0 = Release|x64
		{BDE9C845-0472-4FEB-A95D-C6E445611BEE}.Release|x86.ActiveCfg = Release|x86
		{BDE9C845-0472-4FEB-A95D-C6E445611BEE}.Release|x86.Build.0 = Release|x86
		{BDE9C845-0472-4FEB-A95D-C6E445611BEE}.Release|Any CPU.ActiveCfg = Release|Any CPU
		{BDE9C845-0472-4FEB-A95D-C6E445611BEE}.Release|Any CPU.Build.0 = Release|Any CPU
		{511FC720-90B7-4213-97F7-5C0D80E34653}.Debug|x64.ActiveCfg = Debug|x64
		{511FC720-90B7-4213-97F7-5C0D80E34653}.Debug|x64.Build.0 = Debug|x64
		{511FC720-90B7-4213-97F7-5C0D80E34653}.Debug|x86.ActiveCfg = Debug|x86
		{511FC720-90B7-4213-97F7-5C0D80E34653}.Debug|x86.Build.0 = Debug|x86
		{511FC720-90B7-4213-97F7-5C0D80E34653}.Debug|Any CPU.ActiveCfg = Debug|Any CPU
		{511FC720-90B7-4213-97F7-5C0D80E34653}.Debug|Any CPU.Build.0 = Debug|Any CPU
		{511FC720-90B7-4213-97F7-5C0D80E34653}.Release|x64.ActiveCfg = Release|x64
		{511FC720-90B7-4213-97F7-5C0D80E34653}.Release|x64.Build.0 = Release|x64
		{511FC720-90B7-4213-97F7-5C0D80E34653}.Release|x86.ActiveCfg = Release|x86
		{511FC720-90B7-4213-97F7-5C0D80E34653}.Release|x86.Build.0 = Release|x86
		{511FC720-90B7-4213-97F7-5C0D80E34653}.Release|Any CPU.ActiveCfg = Release|Any CPU
		{511FC720-90B7-4213-97F7-5C0D80E34653}.Release|Any CPU.Build.0 = Release|Any CPU
		{EF0F8060-971C-4541-A0DF-B292279172AA}.Debug|x64.ActiveCfg = Debug|x64
		{EF0F8060-971C-4541-A0DF-B292279172AA}.Debug|x64.Build.0 = Debug|x64
		{EF0F8060-971C-4541-A0DF-B292279172AA}.Debug|x86.ActiveCfg = Debug|x86
		{EF0F8060-971C-4541-A0DF-B292279172AA}.Debug|x86.Build.0 = Debug|x86
		{EF0F8060-971C-4541-A0DF-B292279172AA}.Debug|Any CPU.ActiveCfg = Debug|Any CPU
		{EF0F8060-971C-4541-A0DF-B292279172AA}.Debug|Any CPU.Build.0 = Debug|Any CPU
		{EF0F8060-971C-4541-A0DF-B292279172AA}.Release|x64.ActiveCfg = Release|x64
		{EF0F8060-971C-4541-A0DF-B292279172AA}.Release|x64.Build.0 = Release|x64
		{EF0F8060-971C-4541-A0DF-B292279172AA}.Release|x86.ActiveCfg = Release|x86
		{EF0F8060-971C-4541-A0DF-B292279172AA}.Release|x86.Build.0 = Release|x86
		{EF0F8060-971C-4541-A0DF-B292279172AA}.Release|Any CPU.ActiveCfg = Release|Any CPU
		{EF0F8060-971C-4541-A0DF-B292279172AA}.Release|Any CPU.Build.0 = Release|Any CPU
		{5CE59590-88CA-44E4-8DFC-A930BDD4C709}.Debug|x64.ActiveCfg = Debug|x64
		{5CE59590-88CA-44E4-8DFC-A930BDD4C709}.Debug|x64.Build.0 = Debug|x64
		{5CE59590-88CA-44E4-8DFC-A930BDD4C709}.Debug|x86.ActiveCfg = Debug|x86
		{5CE59590-88CA-44E4-8DFC-A930BDD4C709}.Debug|x86.Build.0 = Debug|x86
		{5CE59590-88CA-44E4-8DFC-A930BDD4C709}.Debug|Any CPU.ActiveCfg = Debug|Any CPU
		{5CE59590-88CA-44E4-8DFC-A930BDD4C709}.Debug|Any CPU.Build.0 = Debug|Any CPU
		{5CE59590-88CA-44E4-8DFC-A930BDD4C709}.Release|x64.ActiveCfg = Release|x64
		{5CE59590-88CA-44E4-8DFC-A930BDD4C709}.Release|x64.Build.0 = Release|x64
		{5CE59590-88CA-44E4-8DFC-A930BDD4C709}.Release|x86.ActiveCfg = Release|x86
		{5CE59590-88CA-44E4-8DFC-A930BDD4C709}.Release|x86.Build.0 = Release|x86
		{5CE59590-88CA-44E4-8DFC-A930BDD4C709}.Release|Any CPU.ActiveCfg = Release|Any CPU
		{5CE59590-88CA-44E4-8DFC-A930BDD4C709}.Release|Any CPU.Build.0 = Release|Any CPU
		{17392A07-69D5-460A-AFD4-6BF05163E2E9}.Debug|x64.ActiveCfg = Debug|x64
		{17392A07-69D5-460A-AFD4-6BF05163E2E9}.Debug|x64.Build.0 = Debug|x64
		{17392A07-69D5-460A-AFD4-6BF05163E2E9}.Debug|x86.ActiveCfg = Debug|x86
		{17392A07-69D5-460A-AFD4-6BF05163E2E9}.Debug|x86.Build.0 = Debug|x86
		{17392A07-69D5-460A-AFD4-6BF05163E2E9}.Debug|Any CPU.ActiveCfg = Debug|Any CPU
		{17392A07-69D5-460A-AFD4-6BF05163E2E9}.Debug|Any CPU.Build.0 = Debug|Any CPU
		{17392A07-69D5-460A-AFD4-6BF05163E2E9}.Release|x64.ActiveCfg = Release|x64
		{17392A07-69D5-460A-AFD4-6BF05163E2E9}.Release|x64.Build.0 = Release|x64
		{17392A07-69D5-460A-AFD4-6BF05163E2E9}.Release|x86.ActiveCfg = Release|x86
		{17392A07-69D5-460A-AFD4-6BF05163E2E9}.Release|x86.Build.0 = Release|x86
		{17392A07-69D5-460A-AFD4-6BF05163E2E9}.Release|Any CPU.ActiveCfg = Release|Any CPU
		{17392A07-69D5-460A-AFD4-6BF05163E2E9}.Release|Any CPU.Build.0 = Release|Any CPU
		{21995F5D-E476-4366-8211-2B28BA342F6B}.Debug|x64.ActiveCfg = Debug|x64
		{21995F5D-E476-4366-8211-2B28BA342F6B}.Debug|x64.Build.0 = Debug|x64
		{21995F5D-E476-4366-8211-2B28BA342F6B}.Debug|x86.ActiveCfg = Debug|x86
		{21995F5D-E476-4366-8211-2B28BA342F6B}.Debug|x86.Build.0 = Debug|x86
		{21995F5D-E476-4366-8211-2B28BA342F6B}.Debug|Any CPU.ActiveCfg = Debug|Any CPU
		{21995F5D-E476-4366-8211-2B28BA342F6B}.Debug|Any CPU.Build.0 = Debug|Any CPU
		{21995F5D-E476-4366-8211-2B28BA342F6B}.Release|x64.ActiveCfg = Release|x64
		{21995F5D-E476-4366-8211-2B28BA342F6B}.Release|x64.Build.0 = Release|x64
		{21995F5D-E476-4366-8211-2B28BA342F6B}.Release|x86.ActiveCfg = Release|x86
		{21995F5D-E476-4366-8211-2B28BA342F6B}.Release|x86.Build.0 = Release|x86
		{21995F5D-E476-4366-8211-2B28BA342F6B}.Release|Any CPU.ActiveCfg = Release|Any CPU
		{21995F5D-E476-4366-8211-2B28BA342F6B}.Release|Any CPU.Build.0 = Release|Any CPU
		{66D52AF9-201B-49F3-802F-6D0F918EDB4A}.Debug|x64.ActiveCfg = Debug|x64
		{66D52AF9-201B-49F3-802F-6D0F918EDB4A}.Debug|x64.Build.0 = Debug|x64
		{66D52AF9-201B-49F3-802F-6D0F918EDB4A}.Debug|x86.ActiveCfg = Debug|x86
		{66D52AF9-201B-49F3-802F-6D0F918EDB4A}.Debug|x86.Build.0 = Debug|x86
		{66D52AF9-201B-49F3-802F-6D0F918EDB4A}.Debug|Any CPU.ActiveCfg = Debug|Any CPU
		{66D52AF9-201B-49F3-802F-6D0F918EDB4A}.Debug|Any CPU.Build.0 = Debug|Any CPU
		{66D52AF9-201B-49F3-802F-6D0F918EDB4A}.Release|x64.ActiveCfg = Release|x64
		{66D52AF9-201B-49F3-802F-6D0F918EDB4A}.Release|x64.Build.0 = Release|x64
		{66D52AF9-201B-49F3-802F-6D0F918EDB4A}.Release|x86.ActiveCfg = Release|x86
		{66D52AF9-201B-49F3-802F-6D0F918EDB4A}.Release|x86.Build.0 = Release|x86
		{66D52AF9-201B-49F3-802F-6D0F918EDB4A}.Release|Any CPU.ActiveCfg = Release|Any CPU
		{66D52AF9-201B-49F3-802F-6D0F918EDB4A}.Release|Any CPU.Build.0 = Release|Any CPU
		{5D2DABE8-395A-4B33-B75F-087AE6669462}.Debug|x64.ActiveCfg = Debug|x64
		{5D2DABE8-395A-4B33-B75F-087AE6669462}.Debug|x64.Build.0 = Debug|x64
		{5D2DABE8-395A-4B33-B75F-087AE6669462}.Debug|x86.ActiveCfg = Debug|x86
		{5D2DABE8-395A-4B33-B75F-087AE6669462}.Debug|x86.Build.0 = Debug|x86
		{5D2DABE8-395A-4B33-B75F-087AE6669462}.Debug|Any CPU.ActiveCfg = Debug|Any CPU
		{5D2DABE8-395A-4B33-B75F-087AE6669462}.Debug|Any CPU.Build.0 = Debug|Any CPU
		{5D2DABE8-395A-4B33-B75F-087AE6669462}.Release|x64.ActiveCfg = Release|x64
		{5D2DABE8-395A-4B33-B75F-087AE6669462}.Release|x64.Build.0 = Release|x64
		{5D2DABE8-395A-4B33-B75F-087AE6669462}.Release|x86.ActiveCfg = Release|x86
		{5D2DABE8-395A-4B33-B75F-087AE6669462}.Release|x86.Build.0 = Release|x86
		{5D2DABE8-395A-4B33-B75F-087AE6669462}.Release|Any CPU.ActiveCfg = Release|Any CPU
		{5D2DABE8-395A-4B33-B75F-087AE6669462}.Release|Any CPU.Build.0 = Release|Any CPU
		{92C7D269-F4B9-4C8B-A769-AF65E6F4DD06}.Debug|x64.ActiveCfg = Debug|Any CPU
		{92C7D269-F4B9-4C8B-A769-AF65E6F4DD06}.Debug|x64.Build.0 = Debug|Any CPU
		{92C7D269-F4B9-4C8B-A769-AF65E6F4DD06}.Debug|x86.ActiveCfg = Debug|Any CPU
		{92C7D269-F4B9-4C8B-A769-AF65E6F4DD06}.Debug|x86.Build.0 = Debug|Any CPU
		{92C7D269-F4B9-4C8B-A769-AF65E6F4DD06}.Debug|Any CPU.ActiveCfg = Debug|Any CPU
		{92C7D269-F4B9-4C8B-A769-AF65E6F4DD06}.Debug|Any CPU.Build.0 = Debug|Any CPU
		{92C7D269-F4B9-4C8B-A769-AF65E6F4DD06}.Release|x64.ActiveCfg = Release|Any CPU
		{92C7D269-F4B9-4C8B-A769-AF65E6F4DD06}.Release|x64.Build.0 = Release|Any CPU
		{92C7D269-F4B9-4C8B-A769-AF65E6F4DD06}.Release|x86.ActiveCfg = Release|Any CPU
		{92C7D269-F4B9-4C8B-A769-AF65E6F4DD06}.Release|x86.Build.0 = Release|Any CPU
		{92C7D269-F4B9-4C8B-A769-AF65E6F4DD06}.Release|Any CPU.ActiveCfg = Release|Any CPU
		{92C7D269-F4B9-4C8B-A769-AF65E6F4DD06}.Release|Any CPU.Build.0 = Release|Any CPU
		{8E6F68AB-6AD5-43E5-9894-3CA1B4B86D5F}.Debug|x64.ActiveCfg = Debug|Any CPU
		{8E6F68AB-6AD5-43E5-9894-3CA1B4B86D5F}.Debug|x64.Build.0 = Debug|Any CPU
		{8E6F68AB-6AD5-43E5-9894-3CA1B4B86D5F}.Debug|x86.ActiveCfg = Debug|Any CPU
		{8E6F68AB-6AD5-43E5-9894-3CA1B4B86D5F}.Debug|x86.Build.0 = Debug|Any CPU
		{8E6F68AB-6AD5-43E5-9894-3CA1B4B86D5F}.Debug|Any CPU.ActiveCfg = Debug|Any CPU
		{8E6F68AB-6AD5-43E5-9894-3CA1B4B86D5F}.Debug|Any CPU.Build.0 = Debug|Any CPU
		{8E6F68AB-6AD5-43E5-9894-3CA1B4B86D5F}.Release|x64.ActiveCfg = Release|Any CPU
		{8E6F68AB-6AD5-43E5-9894-3CA1B4B86D5F}.Release|x64.Build.0 = Release|Any CPU
		{8E6F68AB-6AD5-43E5-9894-3CA1B4B86D5F}.Release|x86.ActiveCfg = Release|Any CPU
		{8E6F68AB-6AD5-43E5-9894-3CA1B4B86D5F}.Release|x86.Build.0 = Release|Any CPU
		{8E6F68AB-6AD5-43E5-9894-3CA1B4B86D5F}.Release|Any CPU.ActiveCfg = Release|Any CPU
		{8E6F68AB-6AD5-43E5-9894-3CA1B4B86D5F}.Release|Any CPU.Build.0 = Release|Any CPU
	EndGlobalSection
	GlobalSection(SolutionProperties) = preSolution
		HideSolutionNode = FALSE
	EndGlobalSection
	GlobalSection(NestedProjects) = preSolution
		{F646F6BA-F4C9-46D5-B0C9-BD0F9A732ED0} = {07300268-B919-4187-80B7-EAC9CA65EE11}
		{511FC720-90B7-4213-97F7-5C0D80E34653} = {07300268-B919-4187-80B7-EAC9CA65EE11}
		{EF0F8060-971C-4541-A0DF-B292279172AA} = {07300268-B919-4187-80B7-EAC9CA65EE11}
		{5CE59590-88CA-44E4-8DFC-A930BDD4C709} = {07300268-B919-4187-80B7-EAC9CA65EE11}
		{17392A07-69D5-460A-AFD4-6BF05163E2E9} = {07300268-B919-4187-80B7-EAC9CA65EE11}
		{21995F5D-E476-4366-8211-2B28BA342F6B} = {07300268-B919-4187-80B7-EAC9CA65EE11}
		{5D2DABE8-395A-4B33-B75F-087AE6669462} = {07300268-B919-4187-80B7-EAC9CA65EE11}
		{8E6F68AB-6AD5-43E5-9894-3CA1B4B86D5F} = {07300268-B919-4187-80B7-EAC9CA65EE11}
	EndGlobalSection
	GlobalSection(ExtensibilityGlobals) = postSolution
		SolutionGuid = {8AC8C0A6-FB6B-4E63-9042-EDF10C6A51B8}
	EndGlobalSection
EndGlobal
