
Microsoft Visual Studio Solution File, Format Version 12.00
# Visual Studio Version 17
VisualStudioVersion = 17.7.34202.233
MinimumVisualStudioVersion = 10.0.40219.1
Project("{9A19103F-16F7-4668-BE54-9A1E7A4F7556}") = "Infinity.Core", "Infinity.Core\Infinity.Core.csproj", "{783CB925-BD85-4465-9EC2-D60E6486F207}"
EndProject
Project("{2150E333-8FDC-42A3-9474-1A3956D46DE8}") = "Solution Items", "Solution Items", "{ABBA57D5-87E0-43F4-A167-9A6524AD395C}"
	ProjectSection(SolutionItems) = preProject
		.editorconfig = .editorconfig
	EndProjectSection
EndProject
Project("{9A19103F-16F7-4668-BE54-9A1E7A4F7556}") = "Infinity.Udp", "Infinity.Udp\Infinity.Udp.csproj", "{C71F3D4D-012C-4194-8076-26039BFFAB5D}"
EndProject
Project("{9A19103F-16F7-4668-BE54-9A1E7A4F7556}") = "Infinity.Tcp", "Infinity.Tcp\Infinity.Tcp.csproj", "{2AD17D36-0D20-4FE8-A9C3-38E3D5A0B647}"
EndProject
Project("{2150E333-8FDC-42A3-9474-1A3956D46DE8}") = "Infinity.Tests", "Infinity.Tests", "{07300268-B919-4187-80B7-EAC9CA65EE11}"
EndProject
Project("{9A19103F-16F7-4668-BE54-9A1E7A4F7556}") = "Infinity.Tests.Udp", "Infinity.Tests\Infinity.Tests.Udp\Infinity.Tests.Udp.csproj", "{42433D42-2D4B-41EC-9004-74AFF1D30B74}"
EndProject
Project("{9A19103F-16F7-4668-BE54-9A1E7A4F7556}") = "Infinity.Tests.Tcp", "Infinity.Tests\Infinity.Tests.Tcp\Infinity.Tests.Tcp.csproj", "{AF904CA4-78AA-46E3-9CE3-45751C007354}"
EndProject
Project("{9A19103F-16F7-4668-BE54-9A1E7A4F7556}") = "Infinity.Http", "Infinity.Http\Infinity.Http.csproj", "{D990408E-578F-4AC1-85B3-4D86441E5969}"
EndProject
Project("{9A19103F-16F7-4668-BE54-9A1E7A4F7556}") = "Infinity.Tests.Core", "Infinity.Tests\Infinity.Tests.Core\Infinity.Tests.Core.csproj", "{F646F6BA-F4C9-46D5-B0C9-BD0F9A732ED0}"
EndProject
Project("{9A19103F-16F7-4668-BE54-9A1E7A4F7556}") = "Infinity.Tests.Http", "Infinity.Tests\Infinity.Tests.Http\Infinity.Tests.Http.csproj", "{88027B3F-726E-4E1C-A1D0-B4A382BC0A61}"
EndProject
Project("{9A19103F-16F7-4668-BE54-9A1E7A4F7556}") = "Infinity.Tests.Performance", "Infinity.Tests\Infinity.Tests.Performance\Infinity.Tests.Performance.csproj", "{9548D48F-E520-4BC9-BBD8-59E55FC775DD}"
EndProject
Global
	GlobalSection(SolutionConfigurationPlatforms) = preSolution
		Debug|Any CPU = Debug|Any CPU
		Release|Any CPU = Release|Any CPU
	EndGlobalSection
	GlobalSection(ProjectConfigurationPlatforms) = postSolution
		{783CB925-BD85-4465-9EC2-D60E6486F207}.Debug|Any CPU.ActiveCfg = Debug|Any CPU
		{783CB925-BD85-4465-9EC2-D60E6486F207}.Debug|Any CPU.Build.0 = Debug|Any CPU
		{783CB925-BD85-4465-9EC2-D60E6486F207}.Release|Any CPU.ActiveCfg = Release|Any CPU
		{783CB925-BD85-4465-9EC2-D60E6486F207}.Release|Any CPU.Build.0 = Release|Any CPU
		{C71F3D4D-012C-4194-8076-26039BFFAB5D}.Debug|Any CPU.ActiveCfg = Debug|Any CPU
		{C71F3D4D-012C-4194-8076-26039BFFAB5D}.Debug|Any CPU.Build.0 = Debug|Any CPU
		{C71F3D4D-012C-4194-8076-26039BFFAB5D}.Release|Any CPU.ActiveCfg = Release|Any CPU
		{C71F3D4D-012C-4194-8076-26039BFFAB5D}.Release|Any CPU.Build.0 = Release|Any CPU
		{2AD17D36-0D20-4FE8-A9C3-38E3D5A0B647}.Debug|Any CPU.ActiveCfg = Debug|Any CPU
		{2AD17D36-0D20-4FE8-A9C3-38E3D5A0B647}.Debug|Any CPU.Build.0 = Debug|Any CPU
		{2AD17D36-0D20-4FE8-A9C3-38E3D5A0B647}.Release|Any CPU.ActiveCfg = Release|Any CPU
		{2AD17D36-0D20-4FE8-A9C3-38E3D5A0B647}.Release|Any CPU.Build.0 = Release|Any CPU
		{42433D42-2D4B-41EC-9004-74AFF1D30B74}.Debug|Any CPU.ActiveCfg = Debug|Any CPU
		{42433D42-2D4B-41EC-9004-74AFF1D30B74}.Debug|Any CPU.Build.0 = Debug|Any CPU
		{42433D42-2D4B-41EC-9004-74AFF1D30B74}.Release|Any CPU.ActiveCfg = Release|Any CPU
		{42433D42-2D4B-41EC-9004-74AFF1D30B74}.Release|Any CPU.Build.0 = Release|Any CPU
		{AF904CA4-78AA-46E3-9CE3-45751C007354}.Debug|Any CPU.ActiveCfg = Debug|Any CPU
		{AF904CA4-78AA-46E3-9CE3-45751C007354}.Debug|Any CPU.Build.0 = Debug|Any CPU
		{AF904CA4-78AA-46E3-9CE3-45751C007354}.Release|Any CPU.ActiveCfg = Release|Any CPU
		{AF904CA4-78AA-46E3-9CE3-45751C007354}.Release|Any CPU.Build.0 = Release|Any CPU
		{D990408E-578F-4AC1-85B3-4D86441E5969}.Debug|Any CPU.ActiveCfg = Debug|Any CPU
		{D990408E-578F-4AC1-85B3-4D86441E5969}.Debug|Any CPU.Build.0 = Debug|Any CPU
		{D990408E-578F-4AC1-85B3-4D86441E5969}.Release|Any CPU.ActiveCfg = Release|Any CPU
		{D990408E-578F-4AC1-85B3-4D86441E5969}.Release|Any CPU.Build.0 = Release|Any CPU
		{F646F6BA-F4C9-46D5-B0C9-BD0F9A732ED0}.Debug|Any CPU.ActiveCfg = Debug|Any CPU
		{F646F6BA-F4C9-46D5-B0C9-BD0F9A732ED0}.Debug|Any CPU.Build.0 = Debug|Any CPU
		{F646F6BA-F4C9-46D5-B0C9-BD0F9A732ED0}.Release|Any CPU.ActiveCfg = Release|Any CPU
		{F646F6BA-F4C9-46D5-B0C9-BD0F9A732ED0}.Release|Any CPU.Build.0 = Release|Any CPU
		{88027B3F-726E-4E1C-A1D0-B4A382BC0A61}.Debug|Any CPU.ActiveCfg = Debug|Any CPU
		{88027B3F-726E-4E1C-A1D0-B4A382BC0A61}.Debug|Any CPU.Build.0 = Debug|Any CPU
		{88027B3F-726E-4E1C-A1D0-B4A382BC0A61}.Release|Any CPU.ActiveCfg = Release|Any CPU
		{88027B3F-726E-4E1C-A1D0-B4A382BC0A61}.Release|Any CPU.Build.0 = Release|Any CPU
		{9548D48F-E520-4BC9-BBD8-59E55FC775DD}.Debug|Any CPU.ActiveCfg = Debug|Any CPU
		{9548D48F-E520-4BC9-BBD8-59E55FC775DD}.Debug|Any CPU.Build.0 = Debug|Any CPU
		{9548D48F-E520-4BC9-BBD8-59E55FC775DD}.Release|Any CPU.ActiveCfg = Release|Any CPU
		{9548D48F-E520-4BC9-BBD8-59E55FC775DD}.Release|Any CPU.Build.0 = Release|Any CPU
	EndGlobalSection
	GlobalSection(SolutionProperties) = preSolution
		HideSolutionNode = FALSE
	EndGlobalSection
	GlobalSection(NestedProjects) = preSolution
		{42433D42-2D4B-41EC-9004-74AFF1D30B74} = {07300268-B919-4187-80B7-EAC9CA65EE11}
		{AF904CA4-78AA-46E3-9CE3-45751C007354} = {07300268-B919-4187-80B7-EAC9CA65EE11}
		{F646F6BA-F4C9-46D5-B0C9-BD0F9A732ED0} = {07300268-B919-4187-80B7-EAC9CA65EE11}
		{88027B3F-726E-4E1C-A1D0-B4A382BC0A61} = {07300268-B919-4187-80B7-EAC9CA65EE11}
		{9548D48F-E520-4BC9-BBD8-59E55FC775DD} = {07300268-B919-4187-80B7-EAC9CA65EE11}
	EndGlobalSection
	GlobalSection(ExtensibilityGlobals) = postSolution
		SolutionGuid = {8AC8C0A6-FB6B-4E63-9042-EDF10C6A51B8}
	EndGlobalSection
EndGlobal
